// !$*UTF8*$!
{
	archiveVersion = 1;
	classes = {
	};
	objectVersion = 55;
	objects = {

/* Begin PBXBuildFile section */
		7D3F0ED9283F911100E62E18 /* Logo.png in Resources */ = {isa = PBXBuildFile; fileRef = 7D3F0ED8283F911100E62E18 /* Logo.png */; };
		7DE8C04B283F3F03000D0ADF /* AppDelegate.swift in Sources */ = {isa = PBXBuildFile; fileRef = 7DE8C04A283F3F03000D0ADF /* AppDelegate.swift */; };
		7DE8C04D283F3F03000D0ADF /* SceneDelegate.swift in Sources */ = {isa = PBXBuildFile; fileRef = 7DE8C04C283F3F03000D0ADF /* SceneDelegate.swift */; };
		7DE8C04F283F3F03000D0ADF /* ViewController.swift in Sources */ = {isa = PBXBuildFile; fileRef = 7DE8C04E283F3F03000D0ADF /* ViewController.swift */; };
		7DE8C052283F3F03000D0ADF /* Main.storyboard in Resources */ = {isa = PBXBuildFile; fileRef = 7DE8C050283F3F03000D0ADF /* Main.storyboard */; };
		7DE8C054283F3F03000D0ADF /* Assets.xcassets in Resources */ = {isa = PBXBuildFile; fileRef = 7DE8C053283F3F03000D0ADF /* Assets.xcassets */; };
		7DE8C057283F3F03000D0ADF /* LaunchScreen.storyboard in Resources */ = {isa = PBXBuildFile; fileRef = 7DE8C055283F3F03000D0ADF /* LaunchScreen.storyboard */; };
		7DE8C062283F3F03000D0ADF /* Application_3Tests.swift in Sources */ = {isa = PBXBuildFile; fileRef = 7DE8C061283F3F03000D0ADF /* Application_3Tests.swift */; };
		7DE8C06C283F3F03000D0ADF /* Application_3UITests.swift in Sources */ = {isa = PBXBuildFile; fileRef = 7DE8C06B283F3F03000D0ADF /* Application_3UITests.swift */; };
		7DE8C06E283F3F03000D0ADF /* Application_3UITestsLaunchTests.swift in Sources */ = {isa = PBXBuildFile; fileRef = 7DE8C06D283F3F03000D0ADF /* Application_3UITestsLaunchTests.swift */; };
/* End PBXBuildFile section */

/* Begin PBXContainerItemProxy section */
		7DE8C05E283F3F03000D0ADF /* PBXContainerItemProxy */ = {
			isa = PBXContainerItemProxy;
			containerPortal = 7DE8C03F283F3F03000D0ADF /* Project object */;
			proxyType = 1;
			remoteGlobalIDString = 7DE8C046283F3F03000D0ADF;
			remoteInfo = "Application 3";
		};
		7DE8C068283F3F03000D0ADF /* PBXContainerItemProxy */ = {
			isa = PBXContainerItemProxy;
			containerPortal = 7DE8C03F283F3F03000D0ADF /* Project object */;
			proxyType = 1;
			remoteGlobalIDString = 7DE8C046283F3F03000D0ADF;
			remoteInfo = "Application 3";
		};
/* End PBXContainerItemProxy section */

/* Begin PBXFileReference section */
		7D3F0ED7283F8F7A00E62E18 /* Base */ = {isa = PBXFileReference; lastKnownFileType = file.storyboard; name = Base; path = Base.lproj/Main.storyboard; sourceTree = "<group>"; };
		7D3F0ED8283F911100E62E18 /* Logo.png */ = {isa = PBXFileReference; lastKnownFileType = image.png; name = Logo.png; path = "Application 3/Logo.png"; sourceTree = SOURCE_ROOT; };
		7DE8C047283F3F03000D0ADF /* Application 3.app */ = {isa = PBXFileReference; explicitFileType = wrapper.application; includeInIndex = 0; path = "Application 3.app"; sourceTree = BUILT_PRODUCTS_DIR; };
		7DE8C04A283F3F03000D0ADF /* AppDelegate.swift */ = {isa = PBXFileReference; lastKnownFileType = sourcecode.swift; path = AppDelegate.swift; sourceTree = "<group>"; };
		7DE8C04C283F3F03000D0ADF /* SceneDelegate.swift */ = {isa = PBXFileReference; lastKnownFileType = sourcecode.swift; path = SceneDelegate.swift; sourceTree = "<group>"; };
		7DE8C04E283F3F03000D0ADF /* ViewController.swift */ = {isa = PBXFileReference; lastKnownFileType = sourcecode.swift; path = ViewController.swift; sourceTree = "<group>"; };
		7DE8C053283F3F03000D0ADF /* Assets.xcassets */ = {isa = PBXFileReference; lastKnownFileType = folder.assetcatalog; path = Assets.xcassets; sourceTree = "<group>"; };
		7DE8C056283F3F03000D0ADF /* Base */ = {isa = PBXFileReference; lastKnownFileType = file.storyboard; name = Base; path = Base.lproj/LaunchScreen.storyboard; sourceTree = "<group>"; };
		7DE8C058283F3F03000D0ADF /* Info.plist */ = {isa = PBXFileReference; lastKnownFileType = text.plist.xml; path = Info.plist; sourceTree = "<group>"; };
		7DE8C05D283F3F03000D0ADF /* Application 3Tests.xctest */ = {isa = PBXFileReference; explicitFileType = wrapper.cfbundle; includeInIndex = 0; path = "Application 3Tests.xctest"; sourceTree = BUILT_PRODUCTS_DIR; };
		7DE8C061283F3F03000D0ADF /* Application_3Tests.swift */ = {isa = PBXFileReference; lastKnownFileType = sourcecode.swift; path = Application_3Tests.swift; sourceTree = "<group>"; };
		7DE8C067283F3F03000D0ADF /* Application 3UITests.xctest */ = {isa = PBXFileReference; explicitFileType = wrapper.cfbundle; includeInIndex = 0; path = "Application 3UITests.xctest"; sourceTree = BUILT_PRODUCTS_DIR; };
		7DE8C06B283F3F03000D0ADF /* Application_3UITests.swift */ = {isa = PBXFileReference; lastKnownFileType = sourcecode.swift; path = Application_3UITests.swift; sourceTree = "<group>"; };
		7DE8C06D283F3F03000D0ADF /* Application_3UITestsLaunchTests.swift */ = {isa = PBXFileReference; lastKnownFileType = sourcecode.swift; path = Application_3UITestsLaunchTests.swift; sourceTree = "<group>"; };
/* End PBXFileReference section */

/* Begin PBXFrameworksBuildPhase section */
		7DE8C044283F3F03000D0ADF /* Frameworks */ = {
			isa = PBXFrameworksBuildPhase;
			buildActionMask = 2147483647;
			files = (
			);
			runOnlyForDeploymentPostprocessing = 0;
		};
		7DE8C05A283F3F03000D0ADF /* Frameworks */ = {
			isa = PBXFrameworksBuildPhase;
			buildActionMask = 2147483647;
			files = (
			);
			runOnlyForDeploymentPostprocessing = 0;
		};
		7DE8C064283F3F03000D0ADF /* Frameworks */ = {
			isa = PBXFrameworksBuildPhase;
			buildActionMask = 2147483647;
			files = (
			);
			runOnlyForDeploymentPostprocessing = 0;
		};
/* End PBXFrameworksBuildPhase section */

/* Begin PBXGroup section */
		7DE8C03E283F3F03000D0ADF = {
			isa = PBXGroup;
			children = (
				7DE8C049283F3F03000D0ADF /* Application 3 */,
				7DE8C060283F3F03000D0ADF /* Application 3Tests */,
				7DE8C06A283F3F03000D0ADF /* Application 3UITests */,
				7DE8C048283F3F03000D0ADF /* Products */,
			);
			sourceTree = "<group>";
		};
		7DE8C048283F3F03000D0ADF /* Products */ = {
			isa = PBXGroup;
			children = (
				7DE8C047283F3F03000D0ADF /* Application 3.app */,
				7DE8C05D283F3F03000D0ADF /* Application 3Tests.xctest */,
				7DE8C067283F3F03000D0ADF /* Application 3UITests.xctest */,
			);
			name = Products;
			sourceTree = "<group>";
		};
		7DE8C049283F3F03000D0ADF /* Application 3 */ = {
			isa = PBXGroup;
			children = (
				7DE8C04A283F3F03000D0ADF /* AppDelegate.swift */,
				7DE8C04C283F3F03000D0ADF /* SceneDelegate.swift */,
				7DE8C04E283F3F03000D0ADF /* ViewController.swift */,
				7DE8C050283F3F03000D0ADF /* Main.storyboard */,
				7DE8C053283F3F03000D0ADF /* Assets.xcassets */,
				7DE8C055283F3F03000D0ADF /* LaunchScreen.storyboard */,
				7DE8C058283F3F03000D0ADF /* Info.plist */,
				7D3F0ED8283F911100E62E18 /* Logo.png */,
			);
			path = "Application 3";
			sourceTree = "<group>";
		};
		7DE8C060283F3F03000D0ADF /* Application 3Tests */ = {
			isa = PBXGroup;
			children = (
				7DE8C061283F3F03000D0ADF /* Application_3Tests.swift */,
			);
			path = "Application 3Tests";
			sourceTree = "<group>";
		};
		7DE8C06A283F3F03000D0ADF /* Application 3UITests */ = {
			isa = PBXGroup;
			children = (
				7DE8C06B283F3F03000D0ADF /* Application_3UITests.swift */,
				7DE8C06D283F3F03000D0ADF /* Application_3UITestsLaunchTests.swift */,
			);
			path = "Application 3UITests";
			sourceTree = "<group>";
		};
/* End PBXGroup section */

/* Begin PBXNativeTarget section */
		7DE8C046283F3F03000D0ADF /* Application 3 */ = {
			isa = PBXNativeTarget;
			buildConfigurationList = 7DE8C071283F3F03000D0ADF /* Build configuration list for PBXNativeTarget "Application 3" */;
			buildPhases = (
				7DE8C043283F3F03000D0ADF /* Sources */,
				7DE8C044283F3F03000D0ADF /* Frameworks */,
				7DE8C045283F3F03000D0ADF /* Resources */,
			);
			buildRules = (
			);
			dependencies = (
			);
			name = "Application 3";
			productName = "Application 3";
			productReference = 7DE8C047283F3F03000D0ADF /* Application 3.app */;
			productType = "com.apple.product-type.application";
		};
		7DE8C05C283F3F03000D0ADF /* Application 3Tests */ = {
			isa = PBXNativeTarget;
			buildConfigurationList = 7DE8C074283F3F03000D0ADF /* Build configuration list for PBXNativeTarget "Application 3Tests" */;
			buildPhases = (
				7DE8C059283F3F03000D0ADF /* Sources */,
				7DE8C05A283F3F03000D0ADF /* Frameworks */,
				7DE8C05B283F3F03000D0ADF /* Resources */,
			);
			buildRules = (
			);
			dependencies = (
				7DE8C05F283F3F03000D0ADF /* PBXTargetDependency */,
			);
			name = "Application 3Tests";
			productName = "Application 3Tests";
			productReference = 7DE8C05D283F3F03000D0ADF /* Application 3Tests.xctest */;
			productType = "com.apple.product-type.bundle.unit-test";
		};
		7DE8C066283F3F03000D0ADF /* Application 3UITests */ = {
			isa = PBXNativeTarget;
			buildConfigurationList = 7DE8C077283F3F03000D0ADF /* Build configuration list for PBXNativeTarget "Application 3UITests" */;
			buildPhases = (
				7DE8C063283F3F03000D0ADF /* Sources */,
				7DE8C064283F3F03000D0ADF /* Frameworks */,
				7DE8C065283F3F03000D0ADF /* Resources */,
			);
			buildRules = (
			);
			dependencies = (
				7DE8C069283F3F03000D0ADF /* PBXTargetDependency */,
			);
			name = "Application 3UITests";
			productName = "Application 3UITests";
			productReference = 7DE8C067283F3F03000D0ADF /* Application 3UITests.xctest */;
			productType = "com.apple.product-type.bundle.ui-testing";
		};
/* End PBXNativeTarget section */

/* Begin PBXProject section */
		7DE8C03F283F3F03000D0ADF /* Project object */ = {
			isa = PBXProject;
			attributes = {
				BuildIndependentTargetsInParallel = 1;
				LastSwiftUpdateCheck = 1320;
				LastUpgradeCheck = 1320;
				TargetAttributes = {
					7DE8C046283F3F03000D0ADF = {
						CreatedOnToolsVersion = 13.2.1;
					};
					7DE8C05C283F3F03000D0ADF = {
						CreatedOnToolsVersion = 13.2.1;
						TestTargetID = 7DE8C046283F3F03000D0ADF;
					};
					7DE8C066283F3F03000D0ADF = {
						CreatedOnToolsVersion = 13.2.1;
						TestTargetID = 7DE8C046283F3F03000D0ADF;
					};
				};
			};
			buildConfigurationList = 7DE8C042283F3F03000D0ADF /* Build configuration list for PBXProject "Application 3" */;
			compatibilityVersion = "Xcode 13.0";
			developmentRegion = en;
			hasScannedForEncodings = 0;
			knownRegions = (
				en,
				Base,
			);
			mainGroup = 7DE8C03E283F3F03000D0ADF;
			productRefGroup = 7DE8C048283F3F03000D0ADF /* Products */;
			projectDirPath = "";
			projectRoot = "";
			targets = (
				7DE8C046283F3F03000D0ADF /* Application 3 */,
				7DE8C05C283F3F03000D0ADF /* Application 3Tests */,
				7DE8C066283F3F03000D0ADF /* Application 3UITests */,
			);
		};
/* End PBXProject section */

/* Begin PBXResourcesBuildPhase section */
		7DE8C045283F3F03000D0ADF /* Resources */ = {
			isa = PBXResourcesBuildPhase;
			buildActionMask = 2147483647;
			files = (
				7DE8C057283F3F03000D0ADF /* LaunchScreen.storyboard in Resources */,
				7DE8C054283F3F03000D0ADF /* Assets.xcassets in Resources */,
				7DE8C052283F3F03000D0ADF /* Main.storyboard in Resources */,
			);
			runOnlyForDeploymentPostprocessing = 0;
		};
		7DE8C05B283F3F03000D0ADF /* Resources */ = {
			isa = PBXResourcesBuildPhase;
			buildActionMask = 2147483647;
			files = (
			);
			runOnlyForDeploymentPostprocessing = 0;
		};
		7DE8C065283F3F03000D0ADF /* Resources */ = {
			isa = PBXResourcesBuildPhase;
			buildActionMask = 2147483647;
			files = (
				7D3F0ED9283F911100E62E18 /* Logo.png in Resources */,
			);
			runOnlyForDeploymentPostprocessing = 0;
		};
/* End PBXResourcesBuildPhase section */

/* Begin PBXSourcesBuildPhase section */
		7DE8C043283F3F03000D0ADF /* Sources */ = {
			isa = PBXSourcesBuildPhase;
			buildActionMask = 2147483647;
			files = (
				7DE8C04F283F3F03000D0ADF /* ViewController.swift in Sources */,
				7DE8C04B283F3F03000D0ADF /* AppDelegate.swift in Sources */,
				7DE8C04D283F3F03000D0ADF /* SceneDelegate.swift in Sources */,
			);
			runOnlyForDeploymentPostprocessing = 0;
		};
		7DE8C059283F3F03000D0ADF /* Sources */ = {
			isa = PBXSourcesBuildPhase;
			buildActionMask = 2147483647;
			files = (
				7DE8C062283F3F03000D0ADF /* Application_3Tests.swift in Sources */,
			);
			runOnlyForDeploymentPostprocessing = 0;
		};
		7DE8C063283F3F03000D0ADF /* Sources */ = {
			isa = PBXSourcesBuildPhase;
			buildActionMask = 2147483647;
			files = (
				7DE8C06C283F3F03000D0ADF /* Application_3UITests.swift in Sources */,
				7DE8C06E283F3F03000D0ADF /* Application_3UITestsLaunchTests.swift in Sources */,
			);
			runOnlyForDeploymentPostprocessing = 0;
		};
/* End PBXSourcesBuildPhase section */

/* Begin PBXTargetDependency section */
		7DE8C05F283F3F03000D0ADF /* PBXTargetDependency */ = {
			isa = PBXTargetDependency;
			target = 7DE8C046283F3F03000D0ADF /* Application 3 */;
			targetProxy = 7DE8C05E283F3F03000D0ADF /* PBXContainerItemProxy */;
		};
		7DE8C069283F3F03000D0ADF /* PBXTargetDependency */ = {
			isa = PBXTargetDependency;
			target = 7DE8C046283F3F03000D0ADF /* Application 3 */;
			targetProxy = 7DE8C068283F3F03000D0ADF /* PBXContainerItemProxy */;
		};
/* End PBXTargetDependency section */

/* Begin PBXVariantGroup section */
		7DE8C050283F3F03000D0ADF /* Main.storyboard */ = {
			isa = PBXVariantGroup;
			children = (
				7D3F0ED7283F8F7A00E62E18 /* Base */,
			);
			name = Main.storyboard;
			sourceTree = "<group>";
		};
		7DE8C055283F3F03000D0ADF /* LaunchScreen.storyboard */ = {
			isa = PBXVariantGroup;
			children = (
				7DE8C056283F3F03000D0ADF /* Base */,
			);
			name = LaunchScreen.storyboard;
			sourceTree = "<group>";
		};
/* End PBXVariantGroup section */

/* Begin XCBuildConfiguration section */
		7DE8C06F283F3F03000D0ADF /* Debug */ = {
			isa = XCBuildConfiguration;
			buildSettings = {
				ALWAYS_SEARCH_USER_PATHS = NO;
				CLANG_ANALYZER_NONNULL = YES;
				CLANG_ANALYZER_NUMBER_OBJECT_CONVERSION = YES_AGGRESSIVE;
				CLANG_CXX_LANGUAGE_STANDARD = "gnu++17";
				CLANG_CXX_LIBRARY = "libc++";
				CLANG_ENABLE_MODULES = YES;
				CLANG_ENABLE_OBJC_ARC = YES;
				CLANG_ENABLE_OBJC_WEAK = YES;
				CLANG_WARN_BLOCK_CAPTURE_AUTORELEASING = YES;
				CLANG_WARN_BOOL_CONVERSION = YES;
				CLANG_WARN_COMMA = YES;
				CLANG_WARN_CONSTANT_CONVERSION = YES;
				CLANG_WARN_DEPRECATED_OBJC_IMPLEMENTATIONS = YES;
				CLANG_WARN_DIRECT_OBJC_ISA_USAGE = YES_ERROR;
				CLANG_WARN_DOCUMENTATION_COMMENTS = YES;
				CLANG_WARN_EMPTY_BODY = YES;
				CLANG_WARN_ENUM_CONVERSION = YES;
				CLANG_WARN_INFINITE_RECURSION = YES;
				CLANG_WARN_INT_CONVERSION = YES;
				CLANG_WARN_NON_LITERAL_NULL_CONVERSION = YES;
				CLANG_WARN_OBJC_IMPLICIT_RETAIN_SELF = YES;
				CLANG_WARN_OBJC_LITERAL_CONVERSION = YES;
				CLANG_WARN_OBJC_ROOT_CLASS = YES_ERROR;
				CLANG_WARN_QUOTED_INCLUDE_IN_FRAMEWORK_HEADER = YES;
				CLANG_WARN_RANGE_LOOP_ANALYSIS = YES;
				CLANG_WARN_STRICT_PROTOTYPES = YES;
				CLANG_WARN_SUSPICIOUS_MOVE = YES;
				CLANG_WARN_UNGUARDED_AVAILABILITY = YES_AGGRESSIVE;
				CLANG_WARN_UNREACHABLE_CODE = YES;
				CLANG_WARN__DUPLICATE_METHOD_MATCH = YES;
				COPY_PHASE_STRIP = NO;
				DEBUG_INFORMATION_FORMAT = dwarf;
				ENABLE_STRICT_OBJC_MSGSEND = YES;
				ENABLE_TESTABILITY = YES;
				GCC_C_LANGUAGE_STANDARD = gnu11;
				GCC_DYNAMIC_NO_PIC = NO;
				GCC_NO_COMMON_BLOCKS = YES;
				GCC_OPTIMIZATION_LEVEL = 0;
				GCC_PREPROCESSOR_DEFINITIONS = (
					"DEBUG=1",
					"$(inherited)",
				);
				GCC_WARN_64_TO_32_BIT_CONVERSION = YES;
				GCC_WARN_ABOUT_RETURN_TYPE = YES_ERROR;
				GCC_WARN_UNDECLARED_SELECTOR = YES;
				GCC_WARN_UNINITIALIZED_AUTOS = YES_AGGRESSIVE;
				GCC_WARN_UNUSED_FUNCTION = YES;
				GCC_WARN_UNUSED_VARIABLE = YES;
				IPHONEOS_DEPLOYMENT_TARGET = 15.2;
				MTL_ENABLE_DEBUG_INFO = INCLUDE_SOURCE;
				MTL_FAST_MATH = YES;
				ONLY_ACTIVE_ARCH = YES;
				SDKROOT = iphoneos;
				SWIFT_ACTIVE_COMPILATION_CONDITIONS = DEBUG;
				SWIFT_OPTIMIZATION_LEVEL = "-Onone";
			};
			name = Debug;
		};
		7DE8C070283F3F03000D0ADF /* Release */ = {
			isa = XCBuildConfiguration;
			buildSettings = {
				ALWAYS_SEARCH_USER_PATHS = NO;
				CLANG_ANALYZER_NONNULL = YES;
				CLANG_ANALYZER_NUMBER_OBJECT_CONVERSION = YES_AGGRESSIVE;
				CLANG_CXX_LANGUAGE_STANDARD = "gnu++17";
				CLANG_CXX_LIBRARY = "libc++";
				CLANG_ENABLE_MODULES = YES;
				CLANG_ENABLE_OBJC_ARC = YES;
				CLANG_ENABLE_OBJC_WEAK = YES;
				CLANG_WARN_BLOCK_CAPTURE_AUTORELEASING = YES;
				CLANG_WARN_BOOL_CONVERSION = YES;
				CLANG_WARN_COMMA = YES;
				CLANG_WARN_CONSTANT_CONVERSION = YES;
				CLANG_WARN_DEPRECATED_OBJC_IMPLEMENTATIONS = YES;
				CLANG_WARN_DIRECT_OBJC_ISA_USAGE = YES_ERROR;
				CLANG_WARN_DOCUMENTATION_COMMENTS = YES;
				CLANG_WARN_EMPTY_BODY = YES;
				CLANG_WARN_ENUM_CONVERSION = YES;
				CLANG_WARN_INFINITE_RECURSION = YES;
				CLANG_WARN_INT_CONVERSION = YES;
				CLANG_WARN_NON_LITERAL_NULL_CONVERSION = YES;
				CLANG_WARN_OBJC_IMPLICIT_RETAIN_SELF = YES;
				CLANG_WARN_OBJC_LITERAL_CONVERSION = YES;
				CLANG_WARN_OBJC_ROOT_CLASS = YES_ERROR;
				CLANG_WARN_QUOTED_INCLUDE_IN_FRAMEWORK_HEADER = YES;
				CLANG_WARN_RANGE_LOOP_ANALYSIS = YES;
				CLANG_WARN_STRICT_PROTOTYPES = YES;
				CLANG_WARN_SUSPICIOUS_MOVE = YES;
				CLANG_WARN_UNGUARDED_AVAILABILITY = YES_AGGRESSIVE;
				CLANG_WARN_UNREACHABLE_CODE = YES;
				CLANG_WARN__DUPLICATE_METHOD_MATCH = YES;
				COPY_PHASE_STRIP = NO;
				DEBUG_INFORMATION_FORMAT = "dwarf-with-dsym";
				ENABLE_NS_ASSERTIONS = NO;
				ENABLE_STRICT_OBJC_MSGSEND = YES;
				GCC_C_LANGUAGE_STANDARD = gnu11;
				GCC_NO_COMMON_BLOCKS = YES;
				GCC_WARN_64_TO_32_BIT_CONVERSION = YES;
				GCC_WARN_ABOUT_RETURN_TYPE = YES_ERROR;
				GCC_WARN_UNDECLARED_SELECTOR = YES;
				GCC_WARN_UNINITIALIZED_AUTOS = YES_AGGRESSIVE;
				GCC_WARN_UNUSED_FUNCTION = YES;
				GCC_WARN_UNUSED_VARIABLE = YES;
				IPHONEOS_DEPLOYMENT_TARGET = 15.2;
				MTL_ENABLE_DEBUG_INFO = NO;
				MTL_FAST_MATH = YES;
				SDKROOT = iphoneos;
				SWIFT_COMPILATION_MODE = wholemodule;
				SWIFT_OPTIMIZATION_LEVEL = "-O";
				VALIDATE_PRODUCT = YES;
			};
			name = Release;
		};
		7DE8C072283F3F03000D0ADF /* Debug */ = {
			isa = XCBuildConfiguration;
			buildSettings = {
				ASSETCATALOG_COMPILER_APPICON_NAME = AppIcon;
				ASSETCATALOG_COMPILER_GLOBAL_ACCENT_COLOR_NAME = AccentColor;
				CODE_SIGN_STYLE = Automatic;
				CURRENT_PROJECT_VERSION = 1;
				DEVELOPMENT_TEAM = 3BLB33W28K;
				GENERATE_INFOPLIST_FILE = YES;
				INFOPLIST_FILE = "Application 3/Info.plist";
				INFOPLIST_KEY_UIApplicationSupportsIndirectInputEvents = YES;
				INFOPLIST_KEY_UILaunchStoryboardName = LaunchScreen;
				INFOPLIST_KEY_UIMainStoryboardFile = Main;
				INFOPLIST_KEY_UISupportedInterfaceOrientations_iPad = "UIInterfaceOrientationPortrait UIInterfaceOrientationPortraitUpsideDown UIInterfaceOrientationLandscapeLeft UIInterfaceOrientationLandscapeRight";
				INFOPLIST_KEY_UISupportedInterfaceOrientations_iPhone = "UIInterfaceOrientationPortrait UIInterfaceOrientationLandscapeLeft UIInterfaceOrientationLandscapeRight";
				LD_RUNPATH_SEARCH_PATHS = (
					"$(inherited)",
					"@executable_path/Frameworks",
				);
				MARKETING_VERSION = 1.0;
				PRODUCT_BUNDLE_IDENTIFIER = "WDC.Application-3";
				PRODUCT_NAME = "$(TARGET_NAME)";
				SWIFT_EMIT_LOC_STRINGS = YES;
				SWIFT_VERSION = 5.0;
				TARGETED_DEVICE_FAMILY = "1,2";
			};
			name = Debug;
		};
		7DE8C073283F3F03000D0ADF /* Release */ = {
			isa = XCBuildConfiguration;
			buildSettings = {
				ASSETCATALOG_COMPILER_APPICON_NAME = AppIcon;
				ASSETCATALOG_COMPILER_GLOBAL_ACCENT_COLOR_NAME = AccentColor;
				CODE_SIGN_STYLE = Automatic;
				CURRENT_PROJECT_VERSION = 1;
				DEVELOPMENT_TEAM = 3BLB33W28K;
				GENERATE_INFOPLIST_FILE = YES;
				INFOPLIST_FILE = "Application 3/Info.plist";
				INFOPLIST_KEY_UIApplicationSupportsIndirectInputEvents = YES;
				INFOPLIST_KEY_UILaunchStoryboardName = LaunchScreen;
				INFOPLIST_KEY_UIMainStoryboardFile = Main;
				INFOPLIST_KEY_UISupportedInterfaceOrientations_iPad = "UIInterfaceOrientationPortrait UIInterfaceOrientationPortraitUpsideDown UIInterfaceOrientationLandscapeLeft UIInterfaceOrientationLandscapeRight";
				INFOPLIST_KEY_UISupportedInterfaceOrientations_iPhone = "UIInterfaceOrientationPortrait UIInterfaceOrientationLandscapeLeft UIInterfaceOrientationLandscapeRight";
				LD_RUNPATH_SEARCH_PATHS = (
					"$(inherited)",
					"@executable_path/Frameworks",
				);
				MARKETING_VERSION = 1.0;
				PRODUCT_BUNDLE_IDENTIFIER = "WDC.Application-3";
				PRODUCT_NAME = "$(TARGET_NAME)";
				SWIFT_EMIT_LOC_STRINGS = YES;
				SWIFT_VERSION = 5.0;
				TARGETED_DEVICE_FAMILY = "1,2";
			};
			name = Release;
		};
		7DE8C075283F3F03000D0ADF /* Debug */ = {
			isa = XCBuildConfiguration;
			buildSettings = {
				ALWAYS_EMBED_SWIFT_STANDARD_LIBRARIES = YES;
				BUNDLE_LOADER = "$(TEST_HOST)";
				CODE_SIGN_STYLE = Automatic;
				CURRENT_PROJECT_VERSION = 1;
				DEVELOPMENT_TEAM = 3BLB33W28K;
				GENERATE_INFOPLIST_FILE = YES;
				IPHONEOS_DEPLOYMENT_TARGET = 15.2;
				MARKETING_VERSION = 1.0;
				PRODUCT_BUNDLE_IDENTIFIER = "WDC.Application-3Tests";
				PRODUCT_NAME = "$(TARGET_NAME)";
				SWIFT_EMIT_LOC_STRINGS = NO;
				SWIFT_VERSION = 5.0;
				TARGETED_DEVICE_FAMILY = "1,2";
				TEST_HOST = "$(BUILT_PRODUCTS_DIR)/Application 3.app/Application 3";
			};
			name = Debug;
		};
		7DE8C076283F3F03000D0ADF /* Release */ = {
			isa = XCBuildConfiguration;
			buildSettings = {
				ALWAYS_EMBED_SWIFT_STANDARD_LIBRARIES = YES;
				BUNDLE_LOADER = "$(TEST_HOST)";
				CODE_SIGN_STYLE = Automatic;
				CURRENT_PROJECT_VERSION = 1;
				DEVELOPMENT_TEAM = 3BLB33W28K;
				GENERATE_INFOPLIST_FILE = YES;
				IPHONEOS_DEPLOYMENT_TARGET = 15.2;
				MARKETING_VERSION = 1.0;
				PRODUCT_BUNDLE_IDENTIFIER = "WDC.Application-3Tests";
				PRODUCT_NAME = "$(TARGET_NAME)";
				SWIFT_EMIT_LOC_STRINGS = NO;
				SWIFT_VERSION = 5.0;
				TARGETED_DEVICE_FAMILY = "1,2";
				TEST_HOST = "$(BUILT_PRODUCTS_DIR)/Application 3.app/Application 3";
			};
			name = Release;
		};
		7DE8C078283F3F03000D0ADF /* Debug */ = {
			isa = XCBuildConfiguration;
			buildSettings = {
				ALWAYS_EMBED_SWIFT_STANDARD_LIBRARIES = YES;
				CODE_SIGN_STYLE = Automatic;
				CURRENT_PROJECT_VERSION = 1;
				DEVELOPMENT_TEAM = 3BLB33W28K;
				GENERATE_INFOPLIST_FILE = YES;
				MARKETING_VERSION = 1.0;
				PRODUCT_BUNDLE_IDENTIFIER = "WDC.Application-3UITests";
				PRODUCT_NAME = "$(TARGET_NAME)";
				SWIFT_EMIT_LOC_STRINGS = NO;
				SWIFT_VERSION = 5.0;
				TARGETED_DEVICE_FAMILY = "1,2";
				TEST_TARGET_NAME = "Application 3";
			};
			name = Debug;
		};
		7DE8C079283F3F03000D0ADF /* Release */ = {
			isa = XCBuildConfiguration;
			buildSettings = {
				ALWAYS_EMBED_SWIFT_STANDARD_LIBRARIES = YES;
				CODE_SIGN_STYLE = Automatic;
				CURRENT_PROJECT_VERSION = 1;
				DEVELOPMENT_TEAM = 3BLB33W28K;
				GENERATE_INFOPLIST_FILE = YES;
				MARKETING_VERSION = 1.0;
				PRODUCT_BUNDLE_IDENTIFIER = "WDC.Application-3UITests";
				PRODUCT_NAME = "$(TARGET_NAME)";
				SWIFT_EMIT_LOC_STRINGS = NO;
				SWIFT_VERSION = 5.0;
				TARGETED_DEVICE_FAMILY = "1,2";
				TEST_TARGET_NAME = "Application 3";
			};
			name = Release;
		};
/* End XCBuildConfiguration section */

/* Begin XCConfigurationList section */
		7DE8C042283F3F03000D0ADF /* Build configuration list for PBXProject "Application 3" */ = {
			isa = XCConfigurationList;
			buildConfigurations = (
				7DE8C06F283F3F03000D0ADF /* Debug */,
				7DE8C070283F3F03000D0ADF /* Release */,
			);
			defaultConfigurationIsVisible = 0;
			defaultConfigurationName = Release;
		};
		7DE8C071283F3F03000D0ADF /* Build configuration list for PBXNativeTarget "Application 3" */ = {
			isa = XCConfigurationList;
			buildConfigurations = (
				7DE8C072283F3F03000D0ADF /* Debug */,
				7DE8C073283F3F03000D0ADF /* Release */,
			);
			defaultConfigurationIsVisible = 0;
			defaultConfigurationName = Release;
		};
		7DE8C074283F3F03000D0ADF /* Build configuration list for PBXNativeTarget "Application 3Tests" */ = {
			isa = XCConfigurationList;
			buildConfigurations = (
				7DE8C075283F3F03000D0ADF /* Debug */,
				7DE8C076283F3F03000D0ADF /* Release */,
			);
			defaultConfigurationIsVisible = 0;
			defaultConfigurationName = Release;
		};
		7DE8C077283F3F03000D0ADF /* Build configuration list for PBXNativeTarget "Application 3UITests" */ = {
			isa = XCConfigurationList;
			buildConfigurations = (
				7DE8C078283F3F03000D0ADF /* Debug */,
				7DE8C079283F3F03000D0ADF /* Release */,
			);
			defaultConfigurationIsVisible = 0;
			defaultConfigurationName = Release;
		};
/* End XCConfigurationList section */
	};
	rootObject = 7DE8C03F283F3F03000D0ADF /* Project object */;
}
